
Microsoft Visual Studio Solution File, Format Version 12.00
# Visual Studio Version 16
VisualStudioVersion = 16.0.30114.105
MinimumVisualStudioVersion = 10.0.40219.1
Project("{FAE04EC0-301F-11D3-BF4B-00C04F79EFBC}") = "kolokwium-2-poprawa-ko-s22454", "kolokwium-2-poprawa-ko-s22454.csproj", "{2C5D4CD7-0729-4A04-A9F9-9E2119B25F49}"
EndProject
Global
	GlobalSection(SolutionConfigurationPlatforms) = preSolution
		Debug|Any CPU = Debug|Any CPU
		Release|Any CPU = Release|Any CPU
	EndGlobalSection
	GlobalSection(SolutionProperties) = preSolution
		HideSolutionNode = FALSE
	EndGlobalSection
	GlobalSection(ProjectConfigurationPlatforms) = postSolution
		{2C5D4CD7-0729-4A04-A9F9-9E2119B25F49}.Debug|Any CPU.ActiveCfg = Debug|Any CPU
		{2C5D4CD7-0729-4A04-A9F9-9E2119B25F49}.Debug|Any CPU.Build.0 = Debug|Any CPU
		{2C5D4CD7-0729-4A04-A9F9-9E2119B25F49}.Release|Any CPU.ActiveCfg = Release|Any CPU
		{2C5D4CD7-0729-4A04-A9F9-9E2119B25F49}.Release|Any CPU.Build.0 = Release|Any CPU
	EndGlobalSection
EndGlobal
